{
  "version": 4,
  "terraform_version": "1.14.3",
  "serial": 75,
  "lineage": "ad1bf6ff-5ddf-cd7f-7806-ba36b26a08e2",
  "outputs": {},
  "resources": [
    {
      "module": "module.application",
      "mode": "managed",
      "type": "aws_launch_template",
      "name": "cmtr_vkkq9lu1_template",
      "provider": "provider[\"registry.terraform.io/hashicorp/aws\"]",
      "instances": [
        {
          "schema_version": 1,
          "attributes": {
            "arn": "arn:aws:ec2:us-east-1:856238343966:launch-template/lt-0697a4def618b378b",
            "block_device_mappings": [],
            "capacity_reservation_specification": [],
            "cpu_options": [],
            "credit_specification": [],
            "default_version": 1,
            "description": "",
            "disable_api_stop": false,
            "disable_api_termination": false,
            "ebs_optimized": "",
            "enclave_options": [],
            "hibernation_options": [],
            "iam_instance_profile": [],
            "id": "lt-0697a4def618b378b",
            "image_id": "ami-0c2b8ca1dad447f8a",
            "instance_initiated_shutdown_behavior": "",
            "instance_market_options": [],
            "instance_requirements": [],
            "instance_type": "t3.micro",
            "kernel_id": "",
            "key_name": "",
            "latest_version": 1,
            "license_specification": [],
            "maintenance_options": [],
            "metadata_options": [],
            "monitoring": [],
            "name": "cmtr-vkkq9lu1-template20260213131327330400000002",
            "name_prefix": "cmtr-vkkq9lu1-template",
            "network_interfaces": [],
            "network_performance_options": [],
            "placement": [],
            "private_dns_name_options": [],
            "ram_disk_id": "",
            "region": "us-east-1",
            "security_group_names": null,
            "tag_specifications": [
              {
                "resource_type": "instance",
                "tags": {
                  "Name": "cmtr-vkkq9lu1-app-instance"
                }
              }
            ],
            "tags": null,
            "tags_all": {},
            "update_default_version": null,
            "user_data": "IyEvYmluL2Jhc2gKeXVtIGluc3RhbGwgLXkgaHR0cGQKCkNPTVBVVEVfTUFDSElORV9VVUlEPSQoY2F0IC9zeXMvZGV2aWNlcy92aXJ0dWFsL2RtaS9pZC9wcm9kdWN0X3V1aWQgfCB0ciAnWzp1cHBlcjpdJyAnWzpsb3dlcjpdJykKQ09NUFVURV9JTlNUQU5DRV9JRD0kKGN1cmwgLXMgaHR0cDovLzE2OS4yNTQuMTY5LjI1NC9sYXRlc3QvbWV0YS1kYXRhL2luc3RhbmNlLWlkKQoKY2F0IDw8SFRNTCA+IC92YXIvd3d3L2h0bWwvaW5kZXguaHRtbAo8aHRtbD4KICA8Ym9keT4KICAgIDxoMT5UaGlzIG1lc3NhZ2Ugd2FzIGdlbmVyYXRlZCBvbiBpbnN0YW5jZSAke0NPTVBVVEVfSU5TVEFOQ0VfSUR9PC9oMT4KICAgIDxwPndpdGggdGhlIGZvbGxvd2luZyBVVUlEICR7Q09NUFVURV9NQUNISU5FX1VVSUR9PC9wPgogIDwvYm9keT4KPC9odG1sPgpIVE1MCgpzeXN0ZW1jdGwgc3RhcnQgaHR0cGQKc3lzdGVtY3RsIGVuYWJsZSBodHRwZAo=",
            "vpc_security_group_ids": [
              "sg-083abe57242b43a58",
              "sg-0c259f1974058db2f"
            ]
          },
          "sensitive_attributes": [],
          "identity_schema_version": 0,
          "private": "eyJzY2hlbWFfdmVyc2lvbiI6IjEifQ==",
          "dependencies": [
            "module.network.aws_vpc.cmtr_vkkq9lu1_vpc",
            "module.network_security.aws_security_group.sg"
          ]
        }
      ]
    },
    {
      "module": "module.network",
      "mode": "managed",
      "type": "aws_internet_gateway",
      "name": "cmtr_vkkq9lu1_igw",
      "provider": "provider[\"registry.terraform.io/hashicorp/aws\"]",
      "instances": [
        {
          "schema_version": 0,
          "attributes": {
            "arn": "arn:aws:ec2:us-east-1:856238343966:internet-gateway/igw-0d52513e10f3e0e2d",
            "id": "igw-0d52513e10f3e0e2d",
            "owner_id": "856238343966",
            "region": "us-east-1",
            "tags": {
              "Name": "cmtr-vkkq9lu1-igw"
            },
            "tags_all": {
              "Name": "cmtr-vkkq9lu1-igw"
            },
            "timeouts": null,
            "vpc_id": "vpc-096210ead25dada8f"
          },
          "sensitive_attributes": [],
          "identity_schema_version": 0,
          "private": "eyJlMmJmYjczMC1lY2FhLTExZTYtOGY4OC0zNDM2M2JjN2M0YzAiOnsiY3JlYXRlIjoxMjAwMDAwMDAwMDAwLCJkZWxldGUiOjEyMDAwMDAwMDAwMDAsInVwZGF0ZSI6MTIwMDAwMDAwMDAwMH19",
          "dependencies": [
            "module.network.aws_vpc.cmtr_vkkq9lu1_vpc"
          ]
        }
      ]
    },
    {
      "module": "module.network",
      "mode": "managed",
      "type": "aws_route_table",
      "name": "cmtr_vkkq9lu1_rt",
      "provider": "provider[\"registry.terraform.io/hashicorp/aws\"]",
      "instances": [
        {
          "schema_version": 0,
          "attributes": {
            "arn": "arn:aws:ec2:us-east-1:856238343966:route-table/rtb-0e81d2b89e5a151ea",
            "id": "rtb-0e81d2b89e5a151ea",
            "owner_id": "856238343966",
            "propagating_vgws": [],
            "region": "us-east-1",
            "route": [
              {
                "carrier_gateway_id": "",
                "cidr_block": "0.0.0.0/0",
                "core_network_arn": "",
                "destination_prefix_list_id": "",
                "egress_only_gateway_id": "",
                "gateway_id": "igw-0d52513e10f3e0e2d",
                "ipv6_cidr_block": "",
                "local_gateway_id": "",
                "nat_gateway_id": "",
                "network_interface_id": "",
                "transit_gateway_id": "",
                "vpc_endpoint_id": "",
                "vpc_peering_connection_id": ""
              }
            ],
            "tags": {
              "Name": "cmtr-vkkq9lu1-rt"
            },
            "tags_all": {
              "Name": "cmtr-vkkq9lu1-rt"
            },
            "timeouts": null,
            "vpc_id": "vpc-096210ead25dada8f"
          },
          "sensitive_attributes": [],
          "identity_schema_version": 0,
          "identity": {
            "account_id": "856238343966",
            "id": "rtb-0e81d2b89e5a151ea",
            "region": "us-east-1"
          },
          "private": "eyJlMmJmYjczMC1lY2FhLTExZTYtOGY4OC0zNDM2M2JjN2M0YzAiOnsiY3JlYXRlIjozMDAwMDAwMDAwMDAsImRlbGV0ZSI6MzAwMDAwMDAwMDAwLCJ1cGRhdGUiOjEyMDAwMDAwMDAwMH19",
          "dependencies": [
            "module.network.aws_internet_gateway.cmtr_vkkq9lu1_igw",
            "module.network.aws_vpc.cmtr_vkkq9lu1_vpc"
          ]
        }
      ]
    },
    {
      "module": "module.network",
      "mode": "managed",
      "type": "aws_vpc",
      "name": "cmtr_vkkq9lu1_vpc",
      "provider": "provider[\"registry.terraform.io/hashicorp/aws\"]",
      "instances": [
        {
          "schema_version": 1,
          "attributes": {
            "arn": "arn:aws:ec2:us-east-1:856238343966:vpc/vpc-096210ead25dada8f",
            "assign_generated_ipv6_cidr_block": false,
            "cidr_block": "10.10.0.0/16",
            "default_network_acl_id": "acl-099488c3416643684",
            "default_route_table_id": "rtb-079208185f5d69d4a",
            "default_security_group_id": "sg-06909c1da0466276a",
            "dhcp_options_id": "dopt-08f7717dcd8b26e3e",
            "enable_dns_hostnames": true,
            "enable_dns_support": true,
            "enable_network_address_usage_metrics": false,
            "id": "vpc-096210ead25dada8f",
            "instance_tenancy": "default",
            "ipv4_ipam_pool_id": null,
            "ipv4_netmask_length": null,
            "ipv6_association_id": "",
            "ipv6_cidr_block": "",
            "ipv6_cidr_block_network_border_group": "",
            "ipv6_ipam_pool_id": "",
            "ipv6_netmask_length": 0,
            "main_route_table_id": "rtb-079208185f5d69d4a",
            "owner_id": "856238343966",
            "region": "us-east-1",
            "tags": {
              "Name": "cmtr-vkkq9lu1-vpc"
            },
            "tags_all": {
              "Name": "cmtr-vkkq9lu1-vpc"
            }
          },
          "sensitive_attributes": [],
          "identity_schema_version": 0,
          "identity": {
            "account_id": "856238343966",
            "id": "vpc-096210ead25dada8f",
            "region": "us-east-1"
          },
          "private": "eyJzY2hlbWFfdmVyc2lvbiI6IjEifQ=="
        }
      ]
    },
    {
      "module": "module.network_security",
      "mode": "managed",
      "type": "aws_security_group",
      "name": "sg",
      "provider": "provider[\"registry.terraform.io/hashicorp/aws\"]",
      "instances": [
        {
          "index_key": 0,
          "schema_version": 1,
          "attributes": {
            "arn": "arn:aws:ec2:us-east-1:856238343966:security-group/sg-083abe57242b43a58",
            "description": "Allow ssh-sg access",
            "egress": [
              {
                "cidr_blocks": [
                  "0.0.0.0/0"
                ],
                "description": "",
                "from_port": 0,
                "ipv6_cidr_blocks": [],
                "prefix_list_ids": [],
                "protocol": "-1",
                "security_groups": [],
                "self": false,
                "to_port": 0
              }
            ],
            "id": "sg-083abe57242b43a58",
            "ingress": [],
            "name": "cmtr-vkkq9lu1-ssh-sg",
            "name_prefix": "",
            "owner_id": "856238343966",
            "region": "us-east-1",
            "revoke_rules_on_delete": false,
            "tags": {
              "Name": "cmtr-vkkq9lu1-ssh-sg",
              "meta": "public"
            },
            "tags_all": {
              "Name": "cmtr-vkkq9lu1-ssh-sg",
              "meta": "public"
            },
            "timeouts": null,
            "vpc_id": "vpc-096210ead25dada8f"
          },
          "sensitive_attributes": [],
          "identity_schema_version": 0,
          "identity": {
            "account_id": "856238343966",
            "id": "sg-083abe57242b43a58",
            "region": "us-east-1"
          },
          "private": "eyJlMmJmYjczMC1lY2FhLTExZTYtOGY4OC0zNDM2M2JjN2M0YzAiOnsiY3JlYXRlIjo2MDAwMDAwMDAwMDAsImRlbGV0ZSI6OTAwMDAwMDAwMDAwfSwic2NoZW1hX3ZlcnNpb24iOiIxIn0=",
          "dependencies": [
            "module.network.aws_vpc.cmtr_vkkq9lu1_vpc"
          ]
        },
        {
          "index_key": 1,
          "schema_version": 1,
          "attributes": {
            "arn": "arn:aws:ec2:us-east-1:856238343966:security-group/sg-0217e8a13edab8e57",
            "description": "Allow public-http-sg access",
            "egress": [
              {
                "cidr_blocks": [
                  "0.0.0.0/0"
                ],
                "description": "",
                "from_port": 0,
                "ipv6_cidr_blocks": [],
                "prefix_list_ids": [],
                "protocol": "-1",
                "security_groups": [],
                "self": false,
                "to_port": 0
              }
            ],
            "id": "sg-0217e8a13edab8e57",
            "ingress": [],
            "name": "cmtr-vkkq9lu1-public-http-sg",
            "name_prefix": "",
            "owner_id": "856238343966",
            "region": "us-east-1",
            "revoke_rules_on_delete": false,
            "tags": {
              "Name": "cmtr-vkkq9lu1-public-http-sg",
              "meta": "public"
            },
            "tags_all": {
              "Name": "cmtr-vkkq9lu1-public-http-sg",
              "meta": "public"
            },
            "timeouts": null,
            "vpc_id": "vpc-096210ead25dada8f"
          },
          "sensitive_attributes": [],
          "identity_schema_version": 0,
          "identity": {
            "account_id": "856238343966",
            "id": "sg-0217e8a13edab8e57",
            "region": "us-east-1"
          },
          "private": "eyJlMmJmYjczMC1lY2FhLTExZTYtOGY4OC0zNDM2M2JjN2M0YzAiOnsiY3JlYXRlIjo2MDAwMDAwMDAwMDAsImRlbGV0ZSI6OTAwMDAwMDAwMDAwfSwic2NoZW1hX3ZlcnNpb24iOiIxIn0=",
          "dependencies": [
            "module.network.aws_vpc.cmtr_vkkq9lu1_vpc"
          ]
        },
        {
          "index_key": 2,
          "schema_version": 1,
          "attributes": {
            "arn": "arn:aws:ec2:us-east-1:856238343966:security-group/sg-0c259f1974058db2f",
            "description": "Allow private-http-sg access",
            "egress": [
              {
                "cidr_blocks": [
                  "0.0.0.0/0"
                ],
                "description": "",
                "from_port": 0,
                "ipv6_cidr_blocks": [],
                "prefix_list_ids": [],
                "protocol": "-1",
                "security_groups": [],
                "self": false,
                "to_port": 0
              }
            ],
            "id": "sg-0c259f1974058db2f",
            "ingress": [],
            "name": "cmtr-vkkq9lu1-private-http-sg",
            "name_prefix": "",
            "owner_id": "856238343966",
            "region": "us-east-1",
            "revoke_rules_on_delete": false,
            "tags": {
              "Name": "cmtr-vkkq9lu1-private-http-sg",
              "meta": "private"
            },
            "tags_all": {
              "Name": "cmtr-vkkq9lu1-private-http-sg",
              "meta": "private"
            },
            "timeouts": null,
            "vpc_id": "vpc-096210ead25dada8f"
          },
          "sensitive_attributes": [],
          "identity_schema_version": 0,
          "identity": {
            "account_id": "856238343966",
            "id": "sg-0c259f1974058db2f",
            "region": "us-east-1"
          },
          "private": "eyJlMmJmYjczMC1lY2FhLTExZTYtOGY4OC0zNDM2M2JjN2M0YzAiOnsiY3JlYXRlIjo2MDAwMDAwMDAwMDAsImRlbGV0ZSI6OTAwMDAwMDAwMDAwfSwic2NoZW1hX3ZlcnNpb24iOiIxIn0=",
          "dependencies": [
            "module.network.aws_vpc.cmtr_vkkq9lu1_vpc"
          ]
        }
      ]
    },
    {
      "module": "module.network_security",
      "mode": "managed",
      "type": "aws_security_group_rule",
      "name": "cidr_ingress",
      "provider": "provider[\"registry.terraform.io/hashicorp/aws\"]",
      "instances": [
        {
          "index_key": "0-cidr-109.172.192.49/32",
          "schema_version": 2,
          "attributes": {
            "cidr_blocks": [
              "109.172.192.49/32"
            ],
            "description": "ssh access",
            "from_port": 22,
            "id": "sgrule-1129874877",
            "ipv6_cidr_blocks": null,
            "prefix_list_ids": null,
            "protocol": "tcp",
            "region": "us-east-1",
            "security_group_id": "sg-083abe57242b43a58",
            "security_group_rule_id": "sgr-0697f2483b5dc0e84",
            "self": false,
            "source_security_group_id": null,
            "timeouts": null,
            "to_port": 22,
            "type": "ingress"
          },
          "sensitive_attributes": [],
          "identity_schema_version": 0,
          "private": "eyJlMmJmYjczMC1lY2FhLTExZTYtOGY4OC0zNDM2M2JjN2M0YzAiOnsiY3JlYXRlIjozMDAwMDAwMDAwMDB9LCJzY2hlbWFfdmVyc2lvbiI6IjIifQ==",
          "dependencies": [
            "module.network.aws_vpc.cmtr_vkkq9lu1_vpc",
            "module.network_security.aws_security_group.sg"
          ]
        },
        {
          "index_key": "0-cidr-18.153.146.156/32",
          "schema_version": 2,
          "attributes": {
            "cidr_blocks": [
              "18.153.146.156/32"
            ],
            "description": "ssh access",
            "from_port": 22,
            "id": "sgrule-2305535301",
            "ipv6_cidr_blocks": null,
            "prefix_list_ids": null,
            "protocol": "tcp",
            "region": "us-east-1",
            "security_group_id": "sg-083abe57242b43a58",
            "security_group_rule_id": "sgr-0a3c472a63718a8c6",
            "self": false,
            "source_security_group_id": null,
            "timeouts": null,
            "to_port": 22,
            "type": "ingress"
          },
          "sensitive_attributes": [],
          "identity_schema_version": 0,
          "private": "eyJlMmJmYjczMC1lY2FhLTExZTYtOGY4OC0zNDM2M2JjN2M0YzAiOnsiY3JlYXRlIjozMDAwMDAwMDAwMDB9LCJzY2hlbWFfdmVyc2lvbiI6IjIifQ==",
          "dependencies": [
            "module.network.aws_vpc.cmtr_vkkq9lu1_vpc",
            "module.network_security.aws_security_group.sg"
          ]
        },
        {
          "index_key": "1-cidr-109.172.192.49/32",
          "schema_version": 2,
          "attributes": {
            "cidr_blocks": [
              "109.172.192.49/32"
            ],
            "description": "http access",
            "from_port": 80,
            "id": "sgrule-942564264",
            "ipv6_cidr_blocks": null,
            "prefix_list_ids": null,
            "protocol": "tcp",
            "region": "us-east-1",
            "security_group_id": "sg-0217e8a13edab8e57",
            "security_group_rule_id": "sgr-05fd1e012b242fccd",
            "self": false,
            "source_security_group_id": null,
            "timeouts": null,
            "to_port": 80,
            "type": "ingress"
          },
          "sensitive_attributes": [],
          "identity_schema_version": 0,
          "private": "eyJlMmJmYjczMC1lY2FhLTExZTYtOGY4OC0zNDM2M2JjN2M0YzAiOnsiY3JlYXRlIjozMDAwMDAwMDAwMDB9LCJzY2hlbWFfdmVyc2lvbiI6IjIifQ==",
          "dependencies": [
            "module.network.aws_vpc.cmtr_vkkq9lu1_vpc",
            "module.network_security.aws_security_group.sg"
          ]
        },
        {
          "index_key": "1-cidr-18.153.146.156/32",
          "schema_version": 2,
          "attributes": {
            "cidr_blocks": [
              "18.153.146.156/32"
            ],
            "description": "http access",
            "from_port": 80,
            "id": "sgrule-4062006096",
            "ipv6_cidr_blocks": null,
            "prefix_list_ids": null,
            "protocol": "tcp",
            "region": "us-east-1",
            "security_group_id": "sg-0217e8a13edab8e57",
            "security_group_rule_id": "sgr-0668dab08c8133853",
            "self": false,
            "source_security_group_id": null,
            "timeouts": null,
            "to_port": 80,
            "type": "ingress"
          },
          "sensitive_attributes": [],
          "identity_schema_version": 0,
          "private": "eyJlMmJmYjczMC1lY2FhLTExZTYtOGY4OC0zNDM2M2JjN2M0YzAiOnsiY3JlYXRlIjozMDAwMDAwMDAwMDB9LCJzY2hlbWFfdmVyc2lvbiI6IjIifQ==",
          "dependencies": [
            "module.network.aws_vpc.cmtr_vkkq9lu1_vpc",
            "module.network_security.aws_security_group.sg"
          ]
        }
      ]
    },
    {
      "module": "module.network_security",
      "mode": "managed",
      "type": "aws_security_group_rule",
      "name": "sg_ingress",
      "provider": "provider[\"registry.terraform.io/hashicorp/aws\"]",
      "instances": [
        {
          "index_key": "2-sg-0",
          "schema_version": 2,
          "attributes": {
            "cidr_blocks": null,
            "description": "HTTP from public HTTP SG",
            "from_port": 80,
            "id": "sgrule-395267369",
            "ipv6_cidr_blocks": null,
            "prefix_list_ids": null,
            "protocol": "tcp",
            "region": "us-east-1",
            "security_group_id": "sg-0c259f1974058db2f",
            "security_group_rule_id": "sgr-0b7e15b5703779b40",
            "self": false,
            "source_security_group_id": "sg-083abe57242b43a58",
            "timeouts": null,
            "to_port": 80,
            "type": "ingress"
          },
          "sensitive_attributes": [],
          "identity_schema_version": 0,
          "private": "eyJlMmJmYjczMC1lY2FhLTExZTYtOGY4OC0zNDM2M2JjN2M0YzAiOnsiY3JlYXRlIjozMDAwMDAwMDAwMDB9LCJzY2hlbWFfdmVyc2lvbiI6IjIifQ==",
          "dependencies": [
            "module.network.aws_vpc.cmtr_vkkq9lu1_vpc",
            "module.network_security.aws_security_group.sg"
          ]
        },
        {
          "index_key": "2-sg-1",
          "schema_version": 2,
          "attributes": {
            "cidr_blocks": null,
            "description": "HTTP from public HTTP SG",
            "from_port": 80,
            "id": "sgrule-2877371680",
            "ipv6_cidr_blocks": null,
            "prefix_list_ids": null,
            "protocol": "tcp",
            "region": "us-east-1",
            "security_group_id": "sg-0c259f1974058db2f",
            "security_group_rule_id": "sgr-0d847e16c78792154",
            "self": false,
            "source_security_group_id": "sg-0217e8a13edab8e57",
            "timeouts": null,
            "to_port": 80,
            "type": "ingress"
          },
          "sensitive_attributes": [],
          "identity_schema_version": 0,
          "private": "eyJlMmJmYjczMC1lY2FhLTExZTYtOGY4OC0zNDM2M2JjN2M0YzAiOnsiY3JlYXRlIjozMDAwMDAwMDAwMDB9LCJzY2hlbWFfdmVyc2lvbiI6IjIifQ==",
          "dependencies": [
            "module.network.aws_vpc.cmtr_vkkq9lu1_vpc",
            "module.network_security.aws_security_group.sg"
          ]
        }
      ]
    }
  ],
  "check_results": null
}
