{
  "version": 4,
  "terraform_version": "1.14.3",
  "serial": 37,
  "lineage": "33855b7a-76ae-c6f5-e1d0-df7ad93ca65b",
  "outputs": {},
  "resources": [
    {
      "module": "module.application",
      "mode": "managed",
      "type": "aws_launch_template",
      "name": "cmtr_vkkq9lu1_template",
      "provider": "provider[\"registry.terraform.io/hashicorp/aws\"]",
      "instances": [
        {
          "schema_version": 1,
          "attributes": {
            "arn": "arn:aws:ec2:us-east-1:911167900226:launch-template/lt-011e5f12953837605",
            "block_device_mappings": [],
            "capacity_reservation_specification": [],
            "cpu_options": [],
            "credit_specification": [],
            "default_version": 1,
            "description": "",
            "disable_api_stop": false,
            "disable_api_termination": false,
            "ebs_optimized": "",
            "enclave_options": [],
            "hibernation_options": [],
            "iam_instance_profile": [],
            "id": "lt-011e5f12953837605",
            "image_id": "ami-0abcdef1234567890",
            "instance_initiated_shutdown_behavior": "",
            "instance_market_options": [],
            "instance_requirements": [],
            "instance_type": "t3.micro",
            "kernel_id": "",
            "key_name": "",
            "latest_version": 2,
            "license_specification": [],
            "maintenance_options": [],
            "metadata_options": [],
            "monitoring": [],
            "name": "cmtr-vkkq9lu1-template20260212095829754500000001",
            "name_prefix": "cmtr-vkkq9lu1-template",
            "network_interfaces": [],
            "network_performance_options": [],
            "placement": [],
            "private_dns_name_options": [],
            "ram_disk_id": "",
            "region": "us-east-1",
            "security_group_names": [],
            "tag_specifications": [
              {
                "resource_type": "instance",
                "tags": {
                  "Name": "cmtr-vkkq9lu1-app-instance"
                }
              }
            ],
            "tags": {},
            "tags_all": {},
            "update_default_version": null,
            "user_data": "IyEvYmluL2Jhc2gKeXVtIGluc3RhbGwgLXkgaHR0cGQKCkNPTVBVVEVfTUFDSElORV9VVUlEPSQoY2F0IC9zeXMvZGV2aWNlcy92aXJ0dWFsL2RtaS9pZC9wcm9kdWN0X3V1aWQgfCB0ciAnWzp1cHBlcjpdJyAnWzpsb3dlcjpdJykKQ09NUFVURV9JTlNUQU5DRV9JRD0kKGN1cmwgLXMgaHR0cDovLzE2OS4yNTQuMTY5LjI1NC9sYXRlc3QvbWV0YS1kYXRhL2luc3RhbmNlLWlkKQoKY2F0IDw8SFRNTCA+IC92YXIvd3d3L2h0bWwvaW5kZXguaHRtbAo8aHRtbD4KICA8Ym9keT4KICAgIDxoMT5UaGlzIG1lc3NhZ2Ugd2FzIGdlbmVyYXRlZCBvbiBpbnN0YW5jZSAke0NPTVBVVEVfSU5TVEFOQ0VfSUR9PC9oMT4KICAgIDxwPndpdGggdGhlIGZvbGxvd2luZyBVVUlEICR7Q09NUFVURV9NQUNISU5FX1VVSUR9PC9wPgogIDwvYm9keT4KPC9odG1sPgpIVE1MCgpzeXN0ZW1jdGwgc3RhcnQgaHR0cGQKc3lzdGVtY3RsIGVuYWJsZSBodHRwZAo=",
            "vpc_security_group_ids": [
              "sg-0768b0d0382eaa5c8",
              "sg-0f1decc7328b6570f"
            ]
          },
          "sensitive_attributes": [],
          "identity_schema_version": 0,
          "private": "eyJzY2hlbWFfdmVyc2lvbiI6IjEifQ==",
          "dependencies": [
            "module.network.aws_vpc.cmtr_vkkq9lu1_vpc",
            "module.network_security.aws_security_group.sg"
          ]
        }
      ]
    },
    {
      "module": "module.application",
      "mode": "managed",
      "type": "aws_lb",
      "name": "cmtr_vkkq9lu1_lb",
      "provider": "provider[\"registry.terraform.io/hashicorp/aws\"]",
      "instances": [
        {
          "schema_version": 0,
          "attributes": {
            "access_logs": [
              {
                "bucket": "",
                "enabled": false,
                "prefix": ""
              }
            ],
            "arn": "arn:aws:elasticloadbalancing:us-east-1:911167900226:loadbalancer/app/cmtr-vkkq9lu1-lb/20687797457bff2e",
            "arn_suffix": "app/cmtr-vkkq9lu1-lb/20687797457bff2e",
            "client_keep_alive": 3600,
            "connection_logs": [
              {
                "bucket": "",
                "enabled": false,
                "prefix": ""
              }
            ],
            "customer_owned_ipv4_pool": "",
            "desync_mitigation_mode": "defensive",
            "dns_name": "cmtr-vkkq9lu1-lb-1121796001.us-east-1.elb.amazonaws.com",
            "dns_record_client_routing_policy": null,
            "drop_invalid_header_fields": false,
            "enable_cross_zone_load_balancing": true,
            "enable_deletion_protection": false,
            "enable_http2": true,
            "enable_tls_version_and_cipher_suite_headers": false,
            "enable_waf_fail_open": false,
            "enable_xff_client_port": false,
            "enable_zonal_shift": false,
            "enforce_security_group_inbound_rules_on_private_link_traffic": "",
            "health_check_logs": [
              {
                "bucket": "",
                "enabled": false,
                "prefix": ""
              }
            ],
            "id": "arn:aws:elasticloadbalancing:us-east-1:911167900226:loadbalancer/app/cmtr-vkkq9lu1-lb/20687797457bff2e",
            "idle_timeout": 60,
            "internal": false,
            "ip_address_type": "ipv4",
            "ipam_pools": [],
            "load_balancer_type": "application",
            "minimum_load_balancer_capacity": [],
            "name": "cmtr-vkkq9lu1-lb",
            "name_prefix": "",
            "preserve_host_header": false,
            "region": "us-east-1",
            "secondary_ips_auto_assigned_per_subnet": null,
            "security_groups": [
              "sg-0f9d4e49a00f18b8a"
            ],
            "subnet_mapping": [
              {
                "allocation_id": "",
                "ipv6_address": "",
                "outpost_id": "",
                "private_ipv4_address": "",
                "subnet_id": "subnet-032f6c3a981aeae5b"
              },
              {
                "allocation_id": "",
                "ipv6_address": "",
                "outpost_id": "",
                "private_ipv4_address": "",
                "subnet_id": "subnet-0586ba038afc29102"
              },
              {
                "allocation_id": "",
                "ipv6_address": "",
                "outpost_id": "",
                "private_ipv4_address": "",
                "subnet_id": "subnet-09efb3a73d97e125c"
              }
            ],
            "subnets": [
              "subnet-032f6c3a981aeae5b",
              "subnet-0586ba038afc29102",
              "subnet-09efb3a73d97e125c"
            ],
            "tags": {
              "Name": "cmtr-vkkq9lu1-lb"
            },
            "tags_all": {
              "Name": "cmtr-vkkq9lu1-lb"
            },
            "timeouts": null,
            "vpc_id": "vpc-0e54f19b4a8e8e41c",
            "xff_header_processing_mode": "append",
            "zone_id": "Z35SXDOTRQ7X7K"
          },
          "sensitive_attributes": [],
          "identity_schema_version": 0,
          "identity": {
            "arn": "arn:aws:elasticloadbalancing:us-east-1:911167900226:loadbalancer/app/cmtr-vkkq9lu1-lb/20687797457bff2e"
          },
          "private": "eyJlMmJmYjczMC1lY2FhLTExZTYtOGY4OC0zNDM2M2JjN2M0YzAiOnsiY3JlYXRlIjo2MDAwMDAwMDAwMDAsImRlbGV0ZSI6NjAwMDAwMDAwMDAwLCJ1cGRhdGUiOjYwMDAwMDAwMDAwMH19",
          "dependencies": [
            "module.network.aws_subnet.public",
            "module.network.aws_vpc.cmtr_vkkq9lu1_vpc",
            "module.network_security.aws_security_group.sg"
          ]
        }
      ]
    },
    {
      "module": "module.network",
      "mode": "managed",
      "type": "aws_internet_gateway",
      "name": "cmtr_vkkq9lu1_igw",
      "provider": "provider[\"registry.terraform.io/hashicorp/aws\"]",
      "instances": [
        {
          "schema_version": 0,
          "attributes": {
            "arn": "arn:aws:ec2:us-east-1:911167900226:internet-gateway/igw-08c22dd77d8f3b436",
            "id": "igw-08c22dd77d8f3b436",
            "owner_id": "911167900226",
            "region": "us-east-1",
            "tags": {
              "Name": "cmtr-vkkq9lu1-igw"
            },
            "tags_all": {
              "Name": "cmtr-vkkq9lu1-igw"
            },
            "timeouts": null,
            "vpc_id": "vpc-0e54f19b4a8e8e41c"
          },
          "sensitive_attributes": [],
          "identity_schema_version": 0,
          "private": "eyJlMmJmYjczMC1lY2FhLTExZTYtOGY4OC0zNDM2M2JjN2M0YzAiOnsiY3JlYXRlIjoxMjAwMDAwMDAwMDAwLCJkZWxldGUiOjEyMDAwMDAwMDAwMDAsInVwZGF0ZSI6MTIwMDAwMDAwMDAwMH19",
          "dependencies": [
            "module.network.aws_vpc.cmtr_vkkq9lu1_vpc"
          ]
        }
      ]
    },
    {
      "module": "module.network",
      "mode": "managed",
      "type": "aws_route_table",
      "name": "cmtr_vkkq9lu1_rt",
      "provider": "provider[\"registry.terraform.io/hashicorp/aws\"]",
      "instances": [
        {
          "schema_version": 0,
          "attributes": {
            "arn": "arn:aws:ec2:us-east-1:911167900226:route-table/rtb-0734dce0e34455012",
            "id": "rtb-0734dce0e34455012",
            "owner_id": "911167900226",
            "propagating_vgws": [],
            "region": "us-east-1",
            "route": [
              {
                "carrier_gateway_id": "",
                "cidr_block": "0.0.0.0/0",
                "core_network_arn": "",
                "destination_prefix_list_id": "",
                "egress_only_gateway_id": "",
                "gateway_id": "igw-08c22dd77d8f3b436",
                "ipv6_cidr_block": "",
                "local_gateway_id": "",
                "nat_gateway_id": "",
                "network_interface_id": "",
                "transit_gateway_id": "",
                "vpc_endpoint_id": "",
                "vpc_peering_connection_id": ""
              }
            ],
            "tags": {
              "Name": "cmtr-vkkq9lu1-rt"
            },
            "tags_all": {
              "Name": "cmtr-vkkq9lu1-rt"
            },
            "timeouts": null,
            "vpc_id": "vpc-0e54f19b4a8e8e41c"
          },
          "sensitive_attributes": [],
          "identity_schema_version": 0,
          "identity": {
            "account_id": "911167900226",
            "id": "rtb-0734dce0e34455012",
            "region": "us-east-1"
          },
          "private": "eyJlMmJmYjczMC1lY2FhLTExZTYtOGY4OC0zNDM2M2JjN2M0YzAiOnsiY3JlYXRlIjozMDAwMDAwMDAwMDAsImRlbGV0ZSI6MzAwMDAwMDAwMDAwLCJ1cGRhdGUiOjEyMDAwMDAwMDAwMH19",
          "dependencies": [
            "module.network.aws_internet_gateway.cmtr_vkkq9lu1_igw",
            "module.network.aws_vpc.cmtr_vkkq9lu1_vpc"
          ]
        }
      ]
    },
    {
      "module": "module.network",
      "mode": "managed",
      "type": "aws_route_table_association",
      "name": "public_subnet",
      "provider": "provider[\"registry.terraform.io/hashicorp/aws\"]",
      "instances": [
        {
          "index_key": 0,
          "schema_version": 0,
          "attributes": {
            "gateway_id": "",
            "id": "rtbassoc-065347a9fa092ab18",
            "region": "us-east-1",
            "route_table_id": "rtb-0734dce0e34455012",
            "subnet_id": "subnet-0586ba038afc29102",
            "timeouts": null
          },
          "sensitive_attributes": [],
          "identity_schema_version": 0,
          "private": "eyJlMmJmYjczMC1lY2FhLTExZTYtOGY4OC0zNDM2M2JjN2M0YzAiOnsiY3JlYXRlIjozMDAwMDAwMDAwMDAsImRlbGV0ZSI6MzAwMDAwMDAwMDAwLCJ1cGRhdGUiOjEyMDAwMDAwMDAwMH19",
          "dependencies": [
            "module.network.aws_internet_gateway.cmtr_vkkq9lu1_igw",
            "module.network.aws_route_table.cmtr_vkkq9lu1_rt",
            "module.network.aws_subnet.public",
            "module.network.aws_vpc.cmtr_vkkq9lu1_vpc"
          ]
        },
        {
          "index_key": 1,
          "schema_version": 0,
          "attributes": {
            "gateway_id": "",
            "id": "rtbassoc-059526007a8d13395",
            "region": "us-east-1",
            "route_table_id": "rtb-0734dce0e34455012",
            "subnet_id": "subnet-032f6c3a981aeae5b",
            "timeouts": null
          },
          "sensitive_attributes": [],
          "identity_schema_version": 0,
          "private": "eyJlMmJmYjczMC1lY2FhLTExZTYtOGY4OC0zNDM2M2JjN2M0YzAiOnsiY3JlYXRlIjozMDAwMDAwMDAwMDAsImRlbGV0ZSI6MzAwMDAwMDAwMDAwLCJ1cGRhdGUiOjEyMDAwMDAwMDAwMH19",
          "dependencies": [
            "module.network.aws_internet_gateway.cmtr_vkkq9lu1_igw",
            "module.network.aws_route_table.cmtr_vkkq9lu1_rt",
            "module.network.aws_subnet.public",
            "module.network.aws_vpc.cmtr_vkkq9lu1_vpc"
          ]
        },
        {
          "index_key": 2,
          "schema_version": 0,
          "attributes": {
            "gateway_id": "",
            "id": "rtbassoc-0d88e7fb1a132ec90",
            "region": "us-east-1",
            "route_table_id": "rtb-0734dce0e34455012",
            "subnet_id": "subnet-09efb3a73d97e125c",
            "timeouts": null
          },
          "sensitive_attributes": [],
          "identity_schema_version": 0,
          "private": "eyJlMmJmYjczMC1lY2FhLTExZTYtOGY4OC0zNDM2M2JjN2M0YzAiOnsiY3JlYXRlIjozMDAwMDAwMDAwMDAsImRlbGV0ZSI6MzAwMDAwMDAwMDAwLCJ1cGRhdGUiOjEyMDAwMDAwMDAwMH19",
          "dependencies": [
            "module.network.aws_internet_gateway.cmtr_vkkq9lu1_igw",
            "module.network.aws_route_table.cmtr_vkkq9lu1_rt",
            "module.network.aws_subnet.public",
            "module.network.aws_vpc.cmtr_vkkq9lu1_vpc"
          ]
        }
      ]
    },
    {
      "module": "module.network",
      "mode": "managed",
      "type": "aws_subnet",
      "name": "public",
      "provider": "provider[\"registry.terraform.io/hashicorp/aws\"]",
      "instances": [
        {
          "index_key": 0,
          "schema_version": 1,
          "attributes": {
            "arn": "arn:aws:ec2:us-east-1:911167900226:subnet/subnet-0586ba038afc29102",
            "assign_ipv6_address_on_creation": false,
            "availability_zone": "us-east-1a",
            "availability_zone_id": "use1-az2",
            "cidr_block": "10.0.1.0/24",
            "customer_owned_ipv4_pool": "",
            "enable_dns64": false,
            "enable_lni_at_device_index": 0,
            "enable_resource_name_dns_a_record_on_launch": false,
            "enable_resource_name_dns_aaaa_record_on_launch": false,
            "id": "subnet-0586ba038afc29102",
            "ipv4_ipam_pool_id": null,
            "ipv4_netmask_length": null,
            "ipv6_cidr_block": "",
            "ipv6_cidr_block_association_id": "",
            "ipv6_ipam_pool_id": null,
            "ipv6_native": false,
            "ipv6_netmask_length": null,
            "map_customer_owned_ip_on_launch": false,
            "map_public_ip_on_launch": true,
            "outpost_arn": "",
            "owner_id": "911167900226",
            "private_dns_hostname_type_on_launch": "ip-name",
            "region": "us-east-1",
            "tags": {
              "Name": "cmtr-vkkq9lu1-public-subnet-a"
            },
            "tags_all": {
              "Name": "cmtr-vkkq9lu1-public-subnet-a"
            },
            "timeouts": null,
            "vpc_id": "vpc-0e54f19b4a8e8e41c"
          },
          "sensitive_attributes": [],
          "identity_schema_version": 0,
          "identity": {
            "account_id": "911167900226",
            "id": "subnet-0586ba038afc29102",
            "region": "us-east-1"
          },
          "private": "eyJlMmJmYjczMC1lY2FhLTExZTYtOGY4OC0zNDM2M2JjN2M0YzAiOnsiY3JlYXRlIjo2MDAwMDAwMDAwMDAsImRlbGV0ZSI6MTIwMDAwMDAwMDAwMH0sInNjaGVtYV92ZXJzaW9uIjoiMSJ9",
          "dependencies": [
            "module.network.aws_vpc.cmtr_vkkq9lu1_vpc"
          ]
        },
        {
          "index_key": 1,
          "schema_version": 1,
          "attributes": {
            "arn": "arn:aws:ec2:us-east-1:911167900226:subnet/subnet-032f6c3a981aeae5b",
            "assign_ipv6_address_on_creation": false,
            "availability_zone": "us-east-1b",
            "availability_zone_id": "use1-az4",
            "cidr_block": "10.0.3.0/24",
            "customer_owned_ipv4_pool": "",
            "enable_dns64": false,
            "enable_lni_at_device_index": 0,
            "enable_resource_name_dns_a_record_on_launch": false,
            "enable_resource_name_dns_aaaa_record_on_launch": false,
            "id": "subnet-032f6c3a981aeae5b",
            "ipv4_ipam_pool_id": null,
            "ipv4_netmask_length": null,
            "ipv6_cidr_block": "",
            "ipv6_cidr_block_association_id": "",
            "ipv6_ipam_pool_id": null,
            "ipv6_native": false,
            "ipv6_netmask_length": null,
            "map_customer_owned_ip_on_launch": false,
            "map_public_ip_on_launch": true,
            "outpost_arn": "",
            "owner_id": "911167900226",
            "private_dns_hostname_type_on_launch": "ip-name",
            "region": "us-east-1",
            "tags": {
              "Name": "cmtr-vkkq9lu1-public-subnet-b"
            },
            "tags_all": {
              "Name": "cmtr-vkkq9lu1-public-subnet-b"
            },
            "timeouts": null,
            "vpc_id": "vpc-0e54f19b4a8e8e41c"
          },
          "sensitive_attributes": [],
          "identity_schema_version": 0,
          "identity": {
            "account_id": "911167900226",
            "id": "subnet-032f6c3a981aeae5b",
            "region": "us-east-1"
          },
          "private": "eyJlMmJmYjczMC1lY2FhLTExZTYtOGY4OC0zNDM2M2JjN2M0YzAiOnsiY3JlYXRlIjo2MDAwMDAwMDAwMDAsImRlbGV0ZSI6MTIwMDAwMDAwMDAwMH0sInNjaGVtYV92ZXJzaW9uIjoiMSJ9",
          "dependencies": [
            "module.network.aws_vpc.cmtr_vkkq9lu1_vpc"
          ]
        },
        {
          "index_key": 2,
          "schema_version": 1,
          "attributes": {
            "arn": "arn:aws:ec2:us-east-1:911167900226:subnet/subnet-09efb3a73d97e125c",
            "assign_ipv6_address_on_creation": false,
            "availability_zone": "us-east-1c",
            "availability_zone_id": "use1-az6",
            "cidr_block": "10.0.5.0/24",
            "customer_owned_ipv4_pool": "",
            "enable_dns64": false,
            "enable_lni_at_device_index": 0,
            "enable_resource_name_dns_a_record_on_launch": false,
            "enable_resource_name_dns_aaaa_record_on_launch": false,
            "id": "subnet-09efb3a73d97e125c",
            "ipv4_ipam_pool_id": null,
            "ipv4_netmask_length": null,
            "ipv6_cidr_block": "",
            "ipv6_cidr_block_association_id": "",
            "ipv6_ipam_pool_id": null,
            "ipv6_native": false,
            "ipv6_netmask_length": null,
            "map_customer_owned_ip_on_launch": false,
            "map_public_ip_on_launch": true,
            "outpost_arn": "",
            "owner_id": "911167900226",
            "private_dns_hostname_type_on_launch": "ip-name",
            "region": "us-east-1",
            "tags": {
              "Name": "cmtr-vkkq9lu1-public-subnet-c"
            },
            "tags_all": {
              "Name": "cmtr-vkkq9lu1-public-subnet-c"
            },
            "timeouts": null,
            "vpc_id": "vpc-0e54f19b4a8e8e41c"
          },
          "sensitive_attributes": [],
          "identity_schema_version": 0,
          "identity": {
            "account_id": "911167900226",
            "id": "subnet-09efb3a73d97e125c",
            "region": "us-east-1"
          },
          "private": "eyJlMmJmYjczMC1lY2FhLTExZTYtOGY4OC0zNDM2M2JjN2M0YzAiOnsiY3JlYXRlIjo2MDAwMDAwMDAwMDAsImRlbGV0ZSI6MTIwMDAwMDAwMDAwMH0sInNjaGVtYV92ZXJzaW9uIjoiMSJ9",
          "dependencies": [
            "module.network.aws_vpc.cmtr_vkkq9lu1_vpc"
          ]
        }
      ]
    },
    {
      "module": "module.network",
      "mode": "managed",
      "type": "aws_vpc",
      "name": "cmtr_vkkq9lu1_vpc",
      "provider": "provider[\"registry.terraform.io/hashicorp/aws\"]",
      "instances": [
        {
          "schema_version": 1,
          "attributes": {
            "arn": "arn:aws:ec2:us-east-1:911167900226:vpc/vpc-0e54f19b4a8e8e41c",
            "assign_generated_ipv6_cidr_block": false,
            "cidr_block": "10.0.0.0/16",
            "default_network_acl_id": "acl-036393df00401cad4",
            "default_route_table_id": "rtb-08503ac7dd81f8d16",
            "default_security_group_id": "sg-0fde5ec78fe2830d3",
            "dhcp_options_id": "dopt-0fc6e379e7efb5631",
            "enable_dns_hostnames": true,
            "enable_dns_support": true,
            "enable_network_address_usage_metrics": false,
            "id": "vpc-0e54f19b4a8e8e41c",
            "instance_tenancy": "default",
            "ipv4_ipam_pool_id": null,
            "ipv4_netmask_length": null,
            "ipv6_association_id": "",
            "ipv6_cidr_block": "",
            "ipv6_cidr_block_network_border_group": "",
            "ipv6_ipam_pool_id": "",
            "ipv6_netmask_length": 0,
            "main_route_table_id": "rtb-08503ac7dd81f8d16",
            "owner_id": "911167900226",
            "region": "us-east-1",
            "tags": {
              "Name": "cmtr-vkkq9lu1-vpc"
            },
            "tags_all": {
              "Name": "cmtr-vkkq9lu1-vpc"
            }
          },
          "sensitive_attributes": [],
          "identity_schema_version": 0,
          "identity": {
            "account_id": "911167900226",
            "id": "vpc-0e54f19b4a8e8e41c",
            "region": "us-east-1"
          },
          "private": "eyJzY2hlbWFfdmVyc2lvbiI6IjEifQ=="
        }
      ]
    },
    {
      "module": "module.network_security",
      "mode": "managed",
      "type": "aws_security_group",
      "name": "sg",
      "provider": "provider[\"registry.terraform.io/hashicorp/aws\"]",
      "instances": [
        {
          "index_key": 0,
          "schema_version": 1,
          "attributes": {
            "arn": "arn:aws:ec2:us-east-1:911167900226:security-group/sg-0768b0d0382eaa5c8",
            "description": "Allow ssh-sg access",
            "egress": [
              {
                "cidr_blocks": [
                  "0.0.0.0/0"
                ],
                "description": "",
                "from_port": 0,
                "ipv6_cidr_blocks": [],
                "prefix_list_ids": [],
                "protocol": "-1",
                "security_groups": [],
                "self": false,
                "to_port": 0
              }
            ],
            "id": "sg-0768b0d0382eaa5c8",
            "ingress": [
              {
                "cidr_blocks": [
                  "109.172.192.49/32",
                  "18.153.146.156/32"
                ],
                "description": "ssh access",
                "from_port": 22,
                "ipv6_cidr_blocks": [],
                "prefix_list_ids": [],
                "protocol": "tcp",
                "security_groups": [],
                "self": false,
                "to_port": 22
              }
            ],
            "name": "cmtr-vkkq9lu1-ssh-sg",
            "name_prefix": "",
            "owner_id": "911167900226",
            "region": "us-east-1",
            "revoke_rules_on_delete": false,
            "tags": {
              "Name": "cmtr-vkkq9lu1-ssh-sg",
              "meta": "public"
            },
            "tags_all": {
              "Name": "cmtr-vkkq9lu1-ssh-sg",
              "meta": "public"
            },
            "timeouts": null,
            "vpc_id": "vpc-0e54f19b4a8e8e41c"
          },
          "sensitive_attributes": [],
          "identity_schema_version": 0,
          "identity": {
            "account_id": "911167900226",
            "id": "sg-0768b0d0382eaa5c8",
            "region": "us-east-1"
          },
          "private": "eyJlMmJmYjczMC1lY2FhLTExZTYtOGY4OC0zNDM2M2JjN2M0YzAiOnsiY3JlYXRlIjo2MDAwMDAwMDAwMDAsImRlbGV0ZSI6OTAwMDAwMDAwMDAwfSwic2NoZW1hX3ZlcnNpb24iOiIxIn0=",
          "dependencies": [
            "module.network.aws_vpc.cmtr_vkkq9lu1_vpc"
          ]
        },
        {
          "index_key": 1,
          "schema_version": 1,
          "attributes": {
            "arn": "arn:aws:ec2:us-east-1:911167900226:security-group/sg-0f9d4e49a00f18b8a",
            "description": "Allow public-http-sg access",
            "egress": [
              {
                "cidr_blocks": [
                  "0.0.0.0/0"
                ],
                "description": "",
                "from_port": 0,
                "ipv6_cidr_blocks": [],
                "prefix_list_ids": [],
                "protocol": "-1",
                "security_groups": [],
                "self": false,
                "to_port": 0
              }
            ],
            "id": "sg-0f9d4e49a00f18b8a",
            "ingress": [
              {
                "cidr_blocks": [
                  "18.153.146.156/32",
                  "109.172.192.49/32"
                ],
                "description": "http access",
                "from_port": 80,
                "ipv6_cidr_blocks": [],
                "prefix_list_ids": [],
                "protocol": "tcp",
                "security_groups": [],
                "self": false,
                "to_port": 80
              }
            ],
            "name": "cmtr-vkkq9lu1-public-http-sg",
            "name_prefix": "",
            "owner_id": "911167900226",
            "region": "us-east-1",
            "revoke_rules_on_delete": false,
            "tags": {
              "Name": "cmtr-vkkq9lu1-public-http-sg",
              "meta": "public"
            },
            "tags_all": {
              "Name": "cmtr-vkkq9lu1-public-http-sg",
              "meta": "public"
            },
            "timeouts": null,
            "vpc_id": "vpc-0e54f19b4a8e8e41c"
          },
          "sensitive_attributes": [],
          "identity_schema_version": 0,
          "identity": {
            "account_id": "911167900226",
            "id": "sg-0f9d4e49a00f18b8a",
            "region": "us-east-1"
          },
          "private": "eyJlMmJmYjczMC1lY2FhLTExZTYtOGY4OC0zNDM2M2JjN2M0YzAiOnsiY3JlYXRlIjo2MDAwMDAwMDAwMDAsImRlbGV0ZSI6OTAwMDAwMDAwMDAwfSwic2NoZW1hX3ZlcnNpb24iOiIxIn0=",
          "dependencies": [
            "module.network.aws_vpc.cmtr_vkkq9lu1_vpc"
          ]
        },
        {
          "index_key": 2,
          "schema_version": 1,
          "attributes": {
            "arn": "arn:aws:ec2:us-east-1:911167900226:security-group/sg-0f1decc7328b6570f",
            "description": "Allow private-http-sg access",
            "egress": [
              {
                "cidr_blocks": [
                  "0.0.0.0/0"
                ],
                "description": "",
                "from_port": 0,
                "ipv6_cidr_blocks": [],
                "prefix_list_ids": [],
                "protocol": "-1",
                "security_groups": [],
                "self": false,
                "to_port": 0
              }
            ],
            "id": "sg-0f1decc7328b6570f",
            "ingress": [
              {
                "cidr_blocks": [],
                "description": "HTTP from public HTTP SG",
                "from_port": 80,
                "ipv6_cidr_blocks": [],
                "prefix_list_ids": [],
                "protocol": "tcp",
                "security_groups": [
                  "sg-0768b0d0382eaa5c8",
                  "sg-0f9d4e49a00f18b8a"
                ],
                "self": false,
                "to_port": 80
              }
            ],
            "name": "cmtr-vkkq9lu1-private-http-sg",
            "name_prefix": "",
            "owner_id": "911167900226",
            "region": "us-east-1",
            "revoke_rules_on_delete": false,
            "tags": {
              "Name": "cmtr-vkkq9lu1-private-http-sg",
              "meta": "private"
            },
            "tags_all": {
              "Name": "cmtr-vkkq9lu1-private-http-sg",
              "meta": "private"
            },
            "timeouts": null,
            "vpc_id": "vpc-0e54f19b4a8e8e41c"
          },
          "sensitive_attributes": [],
          "identity_schema_version": 0,
          "identity": {
            "account_id": "911167900226",
            "id": "sg-0f1decc7328b6570f",
            "region": "us-east-1"
          },
          "private": "eyJlMmJmYjczMC1lY2FhLTExZTYtOGY4OC0zNDM2M2JjN2M0YzAiOnsiY3JlYXRlIjo2MDAwMDAwMDAwMDAsImRlbGV0ZSI6OTAwMDAwMDAwMDAwfSwic2NoZW1hX3ZlcnNpb24iOiIxIn0=",
          "dependencies": [
            "module.network.aws_vpc.cmtr_vkkq9lu1_vpc"
          ]
        }
      ]
    },
    {
      "module": "module.network_security",
      "mode": "managed",
      "type": "aws_security_group_rule",
      "name": "cidr_ingress",
      "provider": "provider[\"registry.terraform.io/hashicorp/aws\"]",
      "instances": [
        {
          "index_key": "0-cidr-109.172.192.49/32",
          "schema_version": 2,
          "attributes": {
            "cidr_blocks": [
              "109.172.192.49/32"
            ],
            "description": "ssh access",
            "from_port": 22,
            "id": "sgrule-3541968471",
            "ipv6_cidr_blocks": null,
            "prefix_list_ids": null,
            "protocol": "tcp",
            "region": "us-east-1",
            "security_group_id": "sg-0768b0d0382eaa5c8",
            "security_group_rule_id": "sgr-014dfed73fc09b0a5",
            "self": false,
            "source_security_group_id": null,
            "timeouts": null,
            "to_port": 22,
            "type": "ingress"
          },
          "sensitive_attributes": [],
          "identity_schema_version": 0,
          "private": "eyJlMmJmYjczMC1lY2FhLTExZTYtOGY4OC0zNDM2M2JjN2M0YzAiOnsiY3JlYXRlIjozMDAwMDAwMDAwMDB9LCJzY2hlbWFfdmVyc2lvbiI6IjIifQ==",
          "dependencies": [
            "module.network.aws_vpc.cmtr_vkkq9lu1_vpc",
            "module.network_security.aws_security_group.sg"
          ]
        },
        {
          "index_key": "0-cidr-18.153.146.156/32",
          "schema_version": 2,
          "attributes": {
            "cidr_blocks": [
              "18.153.146.156/32"
            ],
            "description": "ssh access",
            "from_port": 22,
            "id": "sgrule-422383279",
            "ipv6_cidr_blocks": null,
            "prefix_list_ids": null,
            "protocol": "tcp",
            "region": "us-east-1",
            "security_group_id": "sg-0768b0d0382eaa5c8",
            "security_group_rule_id": "sgr-0f39d285197d578ae",
            "self": false,
            "source_security_group_id": null,
            "timeouts": null,
            "to_port": 22,
            "type": "ingress"
          },
          "sensitive_attributes": [],
          "identity_schema_version": 0,
          "private": "eyJlMmJmYjczMC1lY2FhLTExZTYtOGY4OC0zNDM2M2JjN2M0YzAiOnsiY3JlYXRlIjozMDAwMDAwMDAwMDB9LCJzY2hlbWFfdmVyc2lvbiI6IjIifQ==",
          "dependencies": [
            "module.network.aws_vpc.cmtr_vkkq9lu1_vpc",
            "module.network_security.aws_security_group.sg"
          ]
        },
        {
          "index_key": "1-cidr-109.172.192.49/32",
          "schema_version": 2,
          "attributes": {
            "cidr_blocks": [
              "109.172.192.49/32"
            ],
            "description": "http access",
            "from_port": 80,
            "id": "sgrule-2182747282",
            "ipv6_cidr_blocks": null,
            "prefix_list_ids": null,
            "protocol": "tcp",
            "region": "us-east-1",
            "security_group_id": "sg-0f9d4e49a00f18b8a",
            "security_group_rule_id": "sgr-08103b0bf0c7b7e1c",
            "self": false,
            "source_security_group_id": null,
            "timeouts": null,
            "to_port": 80,
            "type": "ingress"
          },
          "sensitive_attributes": [],
          "identity_schema_version": 0,
          "private": "eyJlMmJmYjczMC1lY2FhLTExZTYtOGY4OC0zNDM2M2JjN2M0YzAiOnsiY3JlYXRlIjozMDAwMDAwMDAwMDB9LCJzY2hlbWFfdmVyc2lvbiI6IjIifQ==",
          "dependencies": [
            "module.network.aws_vpc.cmtr_vkkq9lu1_vpc",
            "module.network_security.aws_security_group.sg"
          ]
        },
        {
          "index_key": "1-cidr-18.153.146.156/32",
          "schema_version": 2,
          "attributes": {
            "cidr_blocks": [
              "18.153.146.156/32"
            ],
            "description": "http access",
            "from_port": 80,
            "id": "sgrule-1210661994",
            "ipv6_cidr_blocks": null,
            "prefix_list_ids": null,
            "protocol": "tcp",
            "region": "us-east-1",
            "security_group_id": "sg-0f9d4e49a00f18b8a",
            "security_group_rule_id": "sgr-077e7d0601a659c41",
            "self": false,
            "source_security_group_id": null,
            "timeouts": null,
            "to_port": 80,
            "type": "ingress"
          },
          "sensitive_attributes": [],
          "identity_schema_version": 0,
          "private": "eyJlMmJmYjczMC1lY2FhLTExZTYtOGY4OC0zNDM2M2JjN2M0YzAiOnsiY3JlYXRlIjozMDAwMDAwMDAwMDB9LCJzY2hlbWFfdmVyc2lvbiI6IjIifQ==",
          "dependencies": [
            "module.network.aws_vpc.cmtr_vkkq9lu1_vpc",
            "module.network_security.aws_security_group.sg"
          ]
        }
      ]
    },
    {
      "module": "module.network_security",
      "mode": "managed",
      "type": "aws_security_group_rule",
      "name": "sg_ingress",
      "provider": "provider[\"registry.terraform.io/hashicorp/aws\"]",
      "instances": [
        {
          "index_key": "2-sg-0",
          "schema_version": 2,
          "attributes": {
            "cidr_blocks": null,
            "description": "HTTP from public HTTP SG",
            "from_port": 80,
            "id": "sgrule-1183419021",
            "ipv6_cidr_blocks": null,
            "prefix_list_ids": null,
            "protocol": "tcp",
            "region": "us-east-1",
            "security_group_id": "sg-0f1decc7328b6570f",
            "security_group_rule_id": "sgr-0bd25da212e6e7b16",
            "self": false,
            "source_security_group_id": "sg-0768b0d0382eaa5c8",
            "timeouts": null,
            "to_port": 80,
            "type": "ingress"
          },
          "sensitive_attributes": [],
          "identity_schema_version": 0,
          "private": "eyJlMmJmYjczMC1lY2FhLTExZTYtOGY4OC0zNDM2M2JjN2M0YzAiOnsiY3JlYXRlIjozMDAwMDAwMDAwMDB9LCJzY2hlbWFfdmVyc2lvbiI6IjIifQ==",
          "dependencies": [
            "module.network.aws_vpc.cmtr_vkkq9lu1_vpc",
            "module.network_security.aws_security_group.sg"
          ]
        },
        {
          "index_key": "2-sg-1",
          "schema_version": 2,
          "attributes": {
            "cidr_blocks": null,
            "description": "HTTP from public HTTP SG",
            "from_port": 80,
            "id": "sgrule-1637782790",
            "ipv6_cidr_blocks": null,
            "prefix_list_ids": null,
            "protocol": "tcp",
            "region": "us-east-1",
            "security_group_id": "sg-0f1decc7328b6570f",
            "security_group_rule_id": "sgr-0f931f6775e058abf",
            "self": false,
            "source_security_group_id": "sg-0f9d4e49a00f18b8a",
            "timeouts": null,
            "to_port": 80,
            "type": "ingress"
          },
          "sensitive_attributes": [],
          "identity_schema_version": 0,
          "private": "eyJlMmJmYjczMC1lY2FhLTExZTYtOGY4OC0zNDM2M2JjN2M0YzAiOnsiY3JlYXRlIjozMDAwMDAwMDAwMDB9LCJzY2hlbWFfdmVyc2lvbiI6IjIifQ==",
          "dependencies": [
            "module.network.aws_vpc.cmtr_vkkq9lu1_vpc",
            "module.network_security.aws_security_group.sg"
          ]
        }
      ]
    }
  ],
  "check_results": null
}
